
Microsoft Visual Studio Solution File, Format Version 12.00
# Visual Studio 15
VisualStudioVersion = 15.0.28307.421
MinimumVisualStudioVersion = 10.0.40219.1
Project("{FAE04EC0-301F-11D3-BF4B-00C04F79EFBC}") = "BankApp", "MyProject(Bank)\BankApp.csproj", "{11C245AA-2229-4D33-AFB5-F59EB348EBF5}"
EndProject
Project("{FAE04EC0-301F-11D3-BF4B-00C04F79EFBC}") = "BankLibrary", "BankLibrary\BankLibrary.csproj", "{666C47B0-EAA0-4469-A992-18159539CDFD}"
EndProject
Global
	GlobalSection(SolutionConfigurationPlatforms) = preSolution
		Debug|Any CPU = Debug|Any CPU
		Release|Any CPU = Release|Any CPU
	EndGlobalSection
	GlobalSection(ProjectConfigurationPlatforms) = postSolution
		{11C245AA-2229-4D33-AFB5-F59EB348EBF5}.Debug|Any CPU.ActiveCfg = Debug|Any CPU
		{11C245AA-2229-4D33-AFB5-F59EB348EBF5}.Debug|Any CPU.Build.0 = Debug|Any CPU
		{11C245AA-2229-4D33-AFB5-F59EB348EBF5}.Release|Any CPU.ActiveCfg = Release|Any CPU
		{11C245AA-2229-4D33-AFB5-F59EB348EBF5}.Release|Any CPU.Build.0 = Release|Any CPU
		{666C47B0-EAA0-4469-A992-18159539CDFD}.Debug|Any CPU.ActiveCfg = Debug|Any CPU
		{666C47B0-EAA0-4469-A992-18159539CDFD}.Debug|Any CPU.Build.0 = Debug|Any CPU
		{666C47B0-EAA0-4469-A992-18159539CDFD}.Release|Any CPU.ActiveCfg = Release|Any CPU
		{666C47B0-EAA0-4469-A992-18159539CDFD}.Release|Any CPU.Build.0 = Release|Any CPU
	EndGlobalSection
	GlobalSection(SolutionProperties) = preSolution
		HideSolutionNode = FALSE
	EndGlobalSection
	GlobalSection(ExtensibilityGlobals) = postSolution
		SolutionGuid = {829C8BD2-303E-41EA-BF40-729C9354CA81}
	EndGlobalSection
EndGlobal
